
Microsoft Visual Studio Solution File, Format Version 12.00
# Visual Studio Version 17
VisualStudioVersion = 17.5.33502.453
MinimumVisualStudioVersion = 10.0.40219.1
Project("{9A19103F-16F7-4668-BE54-9A1E7A4F7556}") = "ReadingClub", "ReadingClub.csproj", "{92A50B14-04E9-43A3-AA95-A05FCFE9CBB1}"
EndProject
Project("{FAE04EC0-301F-11D3-BF4B-00C04F79EFBC}") = "ReadingClub.UnitTests", "..\ReadingClub.UnitTests\ReadingClub.UnitTests.csproj", "{16280067-9C65-4145-8CE9-B4E76D497369}"
EndProject
Global
	GlobalSection(SolutionConfigurationPlatforms) = preSolution
		Debug|Any CPU = Debug|Any CPU
		Release|Any CPU = Release|Any CPU
	EndGlobalSection
	GlobalSection(ProjectConfigurationPlatforms) = postSolution
		{92A50B14-04E9-43A3-AA95-A05FCFE9CBB1}.Debug|Any CPU.ActiveCfg = Debug|Any CPU
		{92A50B14-04E9-43A3-AA95-A05FCFE9CBB1}.Debug|Any CPU.Build.0 = Debug|Any CPU
		{92A50B14-04E9-43A3-AA95-A05FCFE9CBB1}.Release|Any CPU.ActiveCfg = Release|Any CPU
		{92A50B14-04E9-43A3-AA95-A05FCFE9CBB1}.Release|Any CPU.Build.0 = Release|Any CPU
		{16280067-9C65-4145-8CE9-B4E76D497369}.Debug|Any CPU.ActiveCfg = Debug|Any CPU
		{16280067-9C65-4145-8CE9-B4E76D497369}.Debug|Any CPU.Build.0 = Debug|Any CPU
		{16280067-9C65-4145-8CE9-B4E76D497369}.Release|Any CPU.ActiveCfg = Release|Any CPU
		{16280067-9C65-4145-8CE9-B4E76D497369}.Release|Any CPU.Build.0 = Release|Any CPU
	EndGlobalSection
	GlobalSection(SolutionProperties) = preSolution
		HideSolutionNode = FALSE
	EndGlobalSection
	GlobalSection(ExtensibilityGlobals) = postSolution
		SolutionGuid = {0A3DF57A-B211-4C6E-B553-170F41E120B1}
	EndGlobalSection
EndGlobal
